
Microsoft Visual Studio Solution File, Format Version 11.00
# Visual Studio 2010
Project("{FAE04EC0-301F-11D3-BF4B-00C04F79EFBC}") = "WordsssDB", "WordsssDB\WordsssDB.csproj", "{904EF088-ECC9-4AF0-B08E-4BD290BB5AC7}"
EndProject
Project("{FAE04EC0-301F-11D3-BF4B-00C04F79EFBC}") = "DictParser", "DictParser\DictParser.csproj", "{0C5DEF55-6EC6-4C16-A0A4-EB9C5CEB7F6F}"
EndProject
Project("{FAE04EC0-301F-11D3-BF4B-00C04F79EFBC}") = "Dict2Parser", "Dict2Parser\Dict2Parser.csproj", "{8BA98439-A6AD-4A58-9B83-F062DE9DFE8C}"
	ProjectSection(ProjectDependencies) = postProject
		{904EF088-ECC9-4AF0-B08E-4BD290BB5AC7} = {904EF088-ECC9-4AF0-B08E-4BD290BB5AC7}
	EndProjectSection
EndProject
Project("{FAE04EC0-301F-11D3-BF4B-00C04F79EFBC}") = "WeiDictParser", "WeiDictParser\WeiDictParser.csproj", "{56AFDE35-A3D7-442E-859C-F7134C92BA9C}"
	ProjectSection(ProjectDependencies) = postProject
		{904EF088-ECC9-4AF0-B08E-4BD290BB5AC7} = {904EF088-ECC9-4AF0-B08E-4BD290BB5AC7}
	EndProjectSection
EndProject
Project("{FAE04EC0-301F-11D3-BF4B-00C04F79EFBC}") = "ChangeTable", "ChangeTable\ChangeTable.csproj", "{AAEBEDC4-213D-4D44-B3B4-70FDA0769D97}"
EndProject
Project("{FAE04EC0-301F-11D3-BF4B-00C04F79EFBC}") = "SenseParser", "SenseParser\SenseParser.csproj", "{B6E0C088-0585-4001-B38B-8594AB01E25E}"
EndProject
Project("{FAE04EC0-301F-11D3-BF4B-00C04F79EFBC}") = "FrequencyParser", "FrequencyParser\FrequencyParser.csproj", "{F9543CD0-D6EF-46E6-8D6B-F7CCDF4E16F6}"
EndProject
Project("{FAE04EC0-301F-11D3-BF4B-00C04F79EFBC}") = "AssociationParser", "AssociationParser\AssociationParser.csproj", "{67E8A557-4A07-401C-B18D-2EA7458FAB60}"
EndProject
Project("{FAE04EC0-301F-11D3-BF4B-00C04F79EFBC}") = "ConversionParser", "ConversionParser\ConversionParser.csproj", "{E89389C2-814A-47DA-8C15-89D20C4D5463}"
EndProject
Project("{FAE04EC0-301F-11D3-BF4B-00C04F79EFBC}") = "DerivationParser", "DerivationParser\DerivationParser.csproj", "{9B51E115-7D45-4D1A-916B-B1043E3991F0}"
EndProject
Project("{FAE04EC0-301F-11D3-BF4B-00C04F79EFBC}") = "RootafixParser", "RootafixParser\RootafixParser.csproj", "{23DECE02-5255-4617-BD3C-3FB718FF04E2}"
EndProject
Project("{FAE04EC0-301F-11D3-BF4B-00C04F79EFBC}") = "SynonymParser", "SynonymParser\SynonymParser.csproj", "{789158D9-EB1B-45FE-9CC4-DAB198EF2BC7}"
EndProject
Project("{FAE04EC0-301F-11D3-BF4B-00C04F79EFBC}") = "RootAfixParser2", "RootAfixParser2\RootAfixParser2.csproj", "{56A6D060-20F9-4BD3-8CBD-DDC76B730E35}"
EndProject
Project("{FAE04EC0-301F-11D3-BF4B-00C04F79EFBC}") = "CSParser", "CSParser\CSParser.csproj", "{45082EC4-20F1-43B0-8D5F-B566E9D20107}"
EndProject
Project("{FAE04EC0-301F-11D3-BF4B-00C04F79EFBC}") = "WLParser", "WLParser\WLParser.csproj", "{3FE1744C-DE0D-4BE6-BFB0-34A4706B05BF}"
EndProject
Project("{FAE04EC0-301F-11D3-BF4B-00C04F79EFBC}") = "MAParser", "MAParser\MAParser.csproj", "{A21F94CB-E47F-430A-8E57-7BF3239023E9}"
EndProject
Project("{FAE04EC0-301F-11D3-BF4B-00C04F79EFBC}") = "GREParser", "GREParser\GREParser.csproj", "{C6A466CF-64DE-43A7-8C17-EF8804CAC0F9}"
EndProject
Project("{FAE04EC0-301F-11D3-BF4B-00C04F79EFBC}") = "SoundMarkParser", "SoundMarkParser\SoundMarkParser.csproj", "{E8C89C39-8E87-4034-9D7F-46E367E2668A}"
EndProject
Project("{FAE04EC0-301F-11D3-BF4B-00C04F79EFBC}") = "SRTParser", "SRTParser\SRTParser.csproj", "{4975DF17-DAB4-4F7E-952E-A501C1904557}"
EndProject
Global
	GlobalSection(SolutionConfigurationPlatforms) = preSolution
		Debug|x86 = Debug|x86
		Release|x86 = Release|x86
	EndGlobalSection
	GlobalSection(ProjectConfigurationPlatforms) = postSolution
		{904EF088-ECC9-4AF0-B08E-4BD290BB5AC7}.Debug|x86.ActiveCfg = Debug|x86
		{904EF088-ECC9-4AF0-B08E-4BD290BB5AC7}.Debug|x86.Build.0 = Debug|x86
		{904EF088-ECC9-4AF0-B08E-4BD290BB5AC7}.Release|x86.ActiveCfg = Release|x86
		{904EF088-ECC9-4AF0-B08E-4BD290BB5AC7}.Release|x86.Build.0 = Release|x86
		{0C5DEF55-6EC6-4C16-A0A4-EB9C5CEB7F6F}.Debug|x86.ActiveCfg = Debug|x86
		{0C5DEF55-6EC6-4C16-A0A4-EB9C5CEB7F6F}.Debug|x86.Build.0 = Debug|x86
		{0C5DEF55-6EC6-4C16-A0A4-EB9C5CEB7F6F}.Release|x86.ActiveCfg = Release|x86
		{0C5DEF55-6EC6-4C16-A0A4-EB9C5CEB7F6F}.Release|x86.Build.0 = Release|x86
		{8BA98439-A6AD-4A58-9B83-F062DE9DFE8C}.Debug|x86.ActiveCfg = Debug|x86
		{8BA98439-A6AD-4A58-9B83-F062DE9DFE8C}.Debug|x86.Build.0 = Debug|x86
		{8BA98439-A6AD-4A58-9B83-F062DE9DFE8C}.Release|x86.ActiveCfg = Release|x86
		{8BA98439-A6AD-4A58-9B83-F062DE9DFE8C}.Release|x86.Build.0 = Release|x86
		{56AFDE35-A3D7-442E-859C-F7134C92BA9C}.Debug|x86.ActiveCfg = Debug|x86
		{56AFDE35-A3D7-442E-859C-F7134C92BA9C}.Debug|x86.Build.0 = Debug|x86
		{56AFDE35-A3D7-442E-859C-F7134C92BA9C}.Release|x86.ActiveCfg = Release|x86
		{56AFDE35-A3D7-442E-859C-F7134C92BA9C}.Release|x86.Build.0 = Release|x86
		{AAEBEDC4-213D-4D44-B3B4-70FDA0769D97}.Debug|x86.ActiveCfg = Debug|x86
		{AAEBEDC4-213D-4D44-B3B4-70FDA0769D97}.Debug|x86.Build.0 = Debug|x86
		{AAEBEDC4-213D-4D44-B3B4-70FDA0769D97}.Release|x86.ActiveCfg = Release|x86
		{AAEBEDC4-213D-4D44-B3B4-70FDA0769D97}.Release|x86.Build.0 = Release|x86
		{B6E0C088-0585-4001-B38B-8594AB01E25E}.Debug|x86.ActiveCfg = Debug|x86
		{B6E0C088-0585-4001-B38B-8594AB01E25E}.Debug|x86.Build.0 = Debug|x86
		{B6E0C088-0585-4001-B38B-8594AB01E25E}.Release|x86.ActiveCfg = Release|x86
		{B6E0C088-0585-4001-B38B-8594AB01E25E}.Release|x86.Build.0 = Release|x86
		{F9543CD0-D6EF-46E6-8D6B-F7CCDF4E16F6}.Debug|x86.ActiveCfg = Debug|x86
		{F9543CD0-D6EF-46E6-8D6B-F7CCDF4E16F6}.Debug|x86.Build.0 = Debug|x86
		{F9543CD0-D6EF-46E6-8D6B-F7CCDF4E16F6}.Release|x86.ActiveCfg = Release|x86
		{F9543CD0-D6EF-46E6-8D6B-F7CCDF4E16F6}.Release|x86.Build.0 = Release|x86
		{67E8A557-4A07-401C-B18D-2EA7458FAB60}.Debug|x86.ActiveCfg = Debug|x86
		{67E8A557-4A07-401C-B18D-2EA7458FAB60}.Debug|x86.Build.0 = Debug|x86
		{67E8A557-4A07-401C-B18D-2EA7458FAB60}.Release|x86.ActiveCfg = Release|x86
		{67E8A557-4A07-401C-B18D-2EA7458FAB60}.Release|x86.Build.0 = Release|x86
		{E89389C2-814A-47DA-8C15-89D20C4D5463}.Debug|x86.ActiveCfg = Debug|x86
		{E89389C2-814A-47DA-8C15-89D20C4D5463}.Debug|x86.Build.0 = Debug|x86
		{E89389C2-814A-47DA-8C15-89D20C4D5463}.Release|x86.ActiveCfg = Release|x86
		{E89389C2-814A-47DA-8C15-89D20C4D5463}.Release|x86.Build.0 = Release|x86
		{9B51E115-7D45-4D1A-916B-B1043E3991F0}.Debug|x86.ActiveCfg = Debug|x86
		{9B51E115-7D45-4D1A-916B-B1043E3991F0}.Debug|x86.Build.0 = Debug|x86
		{9B51E115-7D45-4D1A-916B-B1043E3991F0}.Release|x86.ActiveCfg = Release|x86
		{9B51E115-7D45-4D1A-916B-B1043E3991F0}.Release|x86.Build.0 = Release|x86
		{23DECE02-5255-4617-BD3C-3FB718FF04E2}.Debug|x86.ActiveCfg = Debug|x86
		{23DECE02-5255-4617-BD3C-3FB718FF04E2}.Debug|x86.Build.0 = Debug|x86
		{23DECE02-5255-4617-BD3C-3FB718FF04E2}.Release|x86.ActiveCfg = Release|x86
		{23DECE02-5255-4617-BD3C-3FB718FF04E2}.Release|x86.Build.0 = Release|x86
		{789158D9-EB1B-45FE-9CC4-DAB198EF2BC7}.Debug|x86.ActiveCfg = Debug|x86
		{789158D9-EB1B-45FE-9CC4-DAB198EF2BC7}.Debug|x86.Build.0 = Debug|x86
		{789158D9-EB1B-45FE-9CC4-DAB198EF2BC7}.Release|x86.ActiveCfg = Release|x86
		{789158D9-EB1B-45FE-9CC4-DAB198EF2BC7}.Release|x86.Build.0 = Release|x86
		{56A6D060-20F9-4BD3-8CBD-DDC76B730E35}.Debug|x86.ActiveCfg = Debug|x86
		{56A6D060-20F9-4BD3-8CBD-DDC76B730E35}.Debug|x86.Build.0 = Debug|x86
		{56A6D060-20F9-4BD3-8CBD-DDC76B730E35}.Release|x86.ActiveCfg = Release|x86
		{56A6D060-20F9-4BD3-8CBD-DDC76B730E35}.Release|x86.Build.0 = Release|x86
		{45082EC4-20F1-43B0-8D5F-B566E9D20107}.Debug|x86.ActiveCfg = Debug|x86
		{45082EC4-20F1-43B0-8D5F-B566E9D20107}.Debug|x86.Build.0 = Debug|x86
		{45082EC4-20F1-43B0-8D5F-B566E9D20107}.Release|x86.ActiveCfg = Release|x86
		{45082EC4-20F1-43B0-8D5F-B566E9D20107}.Release|x86.Build.0 = Release|x86
		{3FE1744C-DE0D-4BE6-BFB0-34A4706B05BF}.Debug|x86.ActiveCfg = Debug|x86
		{3FE1744C-DE0D-4BE6-BFB0-34A4706B05BF}.Debug|x86.Build.0 = Debug|x86
		{3FE1744C-DE0D-4BE6-BFB0-34A4706B05BF}.Release|x86.ActiveCfg = Release|x86
		{3FE1744C-DE0D-4BE6-BFB0-34A4706B05BF}.Release|x86.Build.0 = Release|x86
		{A21F94CB-E47F-430A-8E57-7BF3239023E9}.Debug|x86.ActiveCfg = Debug|x86
		{A21F94CB-E47F-430A-8E57-7BF3239023E9}.Debug|x86.Build.0 = Debug|x86
		{A21F94CB-E47F-430A-8E57-7BF3239023E9}.Release|x86.ActiveCfg = Release|x86
		{A21F94CB-E47F-430A-8E57-7BF3239023E9}.Release|x86.Build.0 = Release|x86
		{C6A466CF-64DE-43A7-8C17-EF8804CAC0F9}.Debug|x86.ActiveCfg = Debug|x86
		{C6A466CF-64DE-43A7-8C17-EF8804CAC0F9}.Debug|x86.Build.0 = Debug|x86
		{C6A466CF-64DE-43A7-8C17-EF8804CAC0F9}.Release|x86.ActiveCfg = Release|x86
		{C6A466CF-64DE-43A7-8C17-EF8804CAC0F9}.Release|x86.Build.0 = Release|x86
		{E8C89C39-8E87-4034-9D7F-46E367E2668A}.Debug|x86.ActiveCfg = Debug|x86
		{E8C89C39-8E87-4034-9D7F-46E367E2668A}.Debug|x86.Build.0 = Debug|x86
		{E8C89C39-8E87-4034-9D7F-46E367E2668A}.Release|x86.ActiveCfg = Release|x86
		{E8C89C39-8E87-4034-9D7F-46E367E2668A}.Release|x86.Build.0 = Release|x86
		{4975DF17-DAB4-4F7E-952E-A501C1904557}.Debug|x86.ActiveCfg = Debug|x86
		{4975DF17-DAB4-4F7E-952E-A501C1904557}.Debug|x86.Build.0 = Debug|x86
		{4975DF17-DAB4-4F7E-952E-A501C1904557}.Release|x86.ActiveCfg = Release|x86
		{4975DF17-DAB4-4F7E-952E-A501C1904557}.Release|x86.Build.0 = Release|x86
	EndGlobalSection
	GlobalSection(SolutionProperties) = preSolution
		HideSolutionNode = FALSE
	EndGlobalSection
EndGlobal
